
Microsoft Visual Studio Solution File, Format Version 12.00
# Visual Studio Version 17
VisualStudioVersion = 17.5.33414.496
MinimumVisualStudioVersion = 10.0.40219.1
Project("{FAE04EC0-301F-11D3-BF4B-00C04F79EFBC}") = "ASPNET7MVCCRUD", "ASPNET7MVCCRUD.csproj", "{2436F4BB-CFF7-44E7-9DCB-3C9DDB0832AD}"
EndProject
Global
	GlobalSection(SolutionConfigurationPlatforms) = preSolution
		Debug|Any CPU = Debug|Any CPU
		Release|Any CPU = Release|Any CPU
	EndGlobalSection
	GlobalSection(ProjectConfigurationPlatforms) = postSolution
		{2436F4BB-CFF7-44E7-9DCB-3C9DDB0832AD}.Debug|Any CPU.ActiveCfg = Debug|Any CPU
		{2436F4BB-CFF7-44E7-9DCB-3C9DDB0832AD}.Debug|Any CPU.Build.0 = Debug|Any CPU
		{2436F4BB-CFF7-44E7-9DCB-3C9DDB0832AD}.Release|Any CPU.ActiveCfg = Release|Any CPU
		{2436F4BB-CFF7-44E7-9DCB-3C9DDB0832AD}.Release|Any CPU.Build.0 = Release|Any CPU
	EndGlobalSection
	GlobalSection(SolutionProperties) = preSolution
		HideSolutionNode = FALSE
	EndGlobalSection
	GlobalSection(ExtensibilityGlobals) = postSolution
		SolutionGuid = {B282C48D-81FE-4E42-AA39-84CA7875ED7D}
	EndGlobalSection
EndGlobal
